
Microsoft Visual Studio Solution File, Format Version 12.00
# Visual Studio Version 17
VisualStudioVersion = 17.3.32819.101
MinimumVisualStudioVersion = 10.0.40219.1
Project("{9A19103F-16F7-4668-BE54-9A1E7A4F7556}") = "CalendarProject", "NuGetProject\CalendarProject.csproj", "{D75AB8E2-C32A-477E-80AF-EC18E2139A28}"
EndProject
Global
	GlobalSection(SolutionConfigurationPlatforms) = preSolution
		Debug|Any CPU = Debug|Any CPU
		Release|Any CPU = Release|Any CPU
	EndGlobalSection
	GlobalSection(ProjectConfigurationPlatforms) = postSolution
		{D75AB8E2-C32A-477E-80AF-EC18E2139A28}.Debug|Any CPU.ActiveCfg = Debug|Any CPU
		{D75AB8E2-C32A-477E-80AF-EC18E2139A28}.Debug|Any CPU.Build.0 = Debug|Any CPU
		{D75AB8E2-C32A-477E-80AF-EC18E2139A28}.Release|Any CPU.ActiveCfg = Release|Any CPU
		{D75AB8E2-C32A-477E-80AF-EC18E2139A28}.Release|Any CPU.Build.0 = Release|Any CPU
	EndGlobalSection
	GlobalSection(SolutionProperties) = preSolution
		HideSolutionNode = FALSE
	EndGlobalSection
	GlobalSection(ExtensibilityGlobals) = postSolution
		SolutionGuid = {19901148-8FA3-4985-AAAA-76F8914BF161}
	EndGlobalSection
EndGlobal
